
Microsoft Visual Studio Solution File, Format Version 12.00
# Visual Studio Version 16
VisualStudioVersion = 16.0.31410.357
MinimumVisualStudioVersion = 10.0.40219.1
Project("{FAE04EC0-301F-11D3-BF4B-00C04F79EFBC}") = "SolidPrinciples", "SolidPrinciples\SolidPrinciples.csproj", "{37F0927D-3EC5-4647-B98C-54E8A024AA1A}"
EndProject
Global
	GlobalSection(SolutionConfigurationPlatforms) = preSolution
		Debug|Any CPU = Debug|Any CPU
		Release|Any CPU = Release|Any CPU
	EndGlobalSection
	GlobalSection(ProjectConfigurationPlatforms) = postSolution
		{37F0927D-3EC5-4647-B98C-54E8A024AA1A}.Debug|Any CPU.ActiveCfg = Debug|Any CPU
		{37F0927D-3EC5-4647-B98C-54E8A024AA1A}.Debug|Any CPU.Build.0 = Debug|Any CPU
		{37F0927D-3EC5-4647-B98C-54E8A024AA1A}.Release|Any CPU.ActiveCfg = Release|Any CPU
		{37F0927D-3EC5-4647-B98C-54E8A024AA1A}.Release|Any CPU.Build.0 = Release|Any CPU
	EndGlobalSection
	GlobalSection(SolutionProperties) = preSolution
		HideSolutionNode = FALSE
	EndGlobalSection
	GlobalSection(ExtensibilityGlobals) = postSolution
		SolutionGuid = {43055127-AB3C-4300-804E-56A140326726}
	EndGlobalSection
EndGlobal
